
Microsoft Visual Studio Solution File, Format Version 12.00
# Visual Studio 15
VisualStudioVersion = 15.0.28010.2016
MinimumVisualStudioVersion = 10.0.40219.1
Project("{888888A0-9F3D-457C-B088-3A5042F75D52}") = "MachineLearning-Sketch", "MachineLearning-Sketch\MachineLearning-Sketch.pyproj", "{8AE98813-EE97-4B37-8E82-743090E4D019}"
EndProject
Global
	GlobalSection(SolutionConfigurationPlatforms) = preSolution
		Debug|Any CPU = Debug|Any CPU
		Release|Any CPU = Release|Any CPU
	EndGlobalSection
	GlobalSection(ProjectConfigurationPlatforms) = postSolution
		{8AE98813-EE97-4B37-8E82-743090E4D019}.Debug|Any CPU.ActiveCfg = Debug|Any CPU
		{8AE98813-EE97-4B37-8E82-743090E4D019}.Release|Any CPU.ActiveCfg = Release|Any CPU
	EndGlobalSection
	GlobalSection(SolutionProperties) = preSolution
		HideSolutionNode = FALSE
	EndGlobalSection
	GlobalSection(ExtensibilityGlobals) = postSolution
		SolutionGuid = {B8555142-6580-465C-AB19-828226439EA6}
	EndGlobalSection
EndGlobal
